Microsoft Visual Studio Solution File, Format Version 11.00
# Visual Studio 2008

Project("{7126C1A1-2563-74EC-E65B-28150667B114}") = "CarX", "Assembly-CSharp.csproj", "{94D0FA4F-F426-F409-0D62-2855B7EAD72E}"
EndProject
Project("{7126C1A1-2563-74EC-E65B-28150667B114}") = "CarX", "Assembly-UnityScript-Editor.unityproj", "{A618F396-74FB-02C7-170C-AC9D7D20DDE8}"
EndProject
Global
	GlobalSection(SolutionConfigurationPlatforms) = preSolution
		Debug|Any CPU = Debug|Any CPU
		Release|Any CPU = Release|Any CPU
	EndGlobalSection
	GlobalSection(ProjectConfigurationPlatforms) = postSolution
		{94D0FA4F-F426-F409-0D62-2855B7EAD72E}.Debug|Any CPU.ActiveCfg = Debug|Any CPU
		{94D0FA4F-F426-F409-0D62-2855B7EAD72E}.Debug|Any CPU.Build.0 = Debug|Any CPU
		{94D0FA4F-F426-F409-0D62-2855B7EAD72E}.Release|Any CPU.ActiveCfg = Release|Any CPU
		{94D0FA4F-F426-F409-0D62-2855B7EAD72E}.Release|Any CPU.Build.0 = Release|Any CPU
		{A618F396-74FB-02C7-170C-AC9D7D20DDE8}.Debug|Any CPU.ActiveCfg = Debug|Any CPU
		{A618F396-74FB-02C7-170C-AC9D7D20DDE8}.Debug|Any CPU.Build.0 = Debug|Any CPU
		{A618F396-74FB-02C7-170C-AC9D7D20DDE8}.Release|Any CPU.ActiveCfg = Release|Any CPU
		{A618F396-74FB-02C7-170C-AC9D7D20DDE8}.Release|Any CPU.Build.0 = Release|Any CPU
	EndGlobalSection
	GlobalSection(SolutionProperties) = preSolution
		HideSolutionNode = FALSE
	EndGlobalSection
																											GlobalSection(MonoDevelopProperties) = preSolution
		StartupItem = Assembly-CSharp.csproj
		Policies = $0
		$0.TextStylePolicy = $1
		$1.inheritsSet = null
		$1.scope = text/x-csharp
		$0.CSharpFormattingPolicy = $2
		$2.inheritsSet = Mono
		$2.inheritsScope = text/x-csharp
		$2.scope = text/x-csharp
		$0.TextStylePolicy = $3
		$3.FileWidth = 120
		$3.TabWidth = 4
		$3.EolMarker = Unix
		$3.inheritsSet = Mono
		$3.inheritsScope = text/plain
		$3.scope = text/plain
	EndGlobalSection

EndGlobal
